{
  "name": "nodedemo",
  "version": "1.0.0",
  "lockfileVersion": 1,
  "requires": true,
  "dependencies": {
    "nodemailer": {
      "version": "6.6.1",
      "resolved": "http://registry.m.jd.com/nodemailer/download/nodemailer-6.6.1.tgz",
      "integrity": "sha1-KgX78gW4l9cb9DiEFntdTTvQG5k="
    }
  }
}
